
Microsoft Visual Studio Solution File, Format Version 12.00
# Visual Studio Version 17
VisualStudioVersion = 17.9.34607.119
MinimumVisualStudioVersion = 10.0.40219.1
Project("{FAE04EC0-301F-11D3-BF4B-00C04F79EFBC}") = "ConsoleApp_TP1", "ConsoleApp_TP1\ConsoleApp_TP1.csproj", "{1FEA6BE0-B7BB-436E-9732-9C4921545643}"
EndProject
Global
	GlobalSection(SolutionConfigurationPlatforms) = preSolution
		Debug|Any CPU = Debug|Any CPU
		Release|Any CPU = Release|Any CPU
	EndGlobalSection
	GlobalSection(ProjectConfigurationPlatforms) = postSolution
		{1FEA6BE0-B7BB-436E-9732-9C4921545643}.Debug|Any CPU.ActiveCfg = Debug|Any CPU
		{1FEA6BE0-B7BB-436E-9732-9C4921545643}.Debug|Any CPU.Build.0 = Debug|Any CPU
		{1FEA6BE0-B7BB-436E-9732-9C4921545643}.Release|Any CPU.ActiveCfg = Release|Any CPU
		{1FEA6BE0-B7BB-436E-9732-9C4921545643}.Release|Any CPU.Build.0 = Release|Any CPU
	EndGlobalSection
	GlobalSection(SolutionProperties) = preSolution
		HideSolutionNode = FALSE
	EndGlobalSection
	GlobalSection(ExtensibilityGlobals) = postSolution
		SolutionGuid = {3D95F249-436A-47FF-9F98-7F9A98975448}
	EndGlobalSection
EndGlobal
